{
  "requires": true,
  "lockfileVersion": 1,
  "dependencies": {
    "@cedcommerce/ounce-ui": {
      "version": "1.5.5",
      "resolved": "https://npm.pkg.github.com/download/@cedcommerce/ounce-ui/1.5.5/927cf72c9c9f36a625a6989173f6d1a44ebf87bfcb657ceba7a5a30736eb3223",
      "integrity": "sha512-MPmhmAI26g9Nyug7NyGeI+5N5PQ6X90MmqFOlhy1vXdnwEwZwSDYZiYuTz4MvVYyh0szP3XJ32XZp74ZmSN+WA==",
      "requires": {
        "classnames": "^2.2.6"
      }
    },
    "classnames": {
      "version": "2.3.1",
      "resolved": "https://registry.npmjs.org/classnames/-/classnames-2.3.1.tgz",
      "integrity": "sha512-OlQdbZ7gLfGarSqxesMesDa5uz7KFbID8Kpq/SxIoNGDqY8lSYs0D+hhtBXhcdB3rcbXArFr7vlHheLk1voeNA=="
    }
  }
}
